// !$*UTF8*$!
{
	archiveVersion = 1;
	classes = {
	};
	objectVersion = 50;
	objects = {

/* Begin PBXBuildFile section */
		056675C621C4B0C800F4AB07 /* AppDelegate.swift in Sources */ = {isa = PBXBuildFile; fileRef = 056675C521C4B0C800F4AB07 /* AppDelegate.swift */; };
		056675C821C4B0C800F4AB07 /* ViewController.swift in Sources */ = {isa = PBXBuildFile; fileRef = 056675C721C4B0C800F4AB07 /* ViewController.swift */; };
		056675CB21C4B0C800F4AB07 /* Main.storyboard in Resources */ = {isa = PBXBuildFile; fileRef = 056675C921C4B0C800F4AB07 /* Main.storyboard */; };
		056675CD21C4B0CB00F4AB07 /* Assets.xcassets in Resources */ = {isa = PBXBuildFile; fileRef = 056675CC21C4B0CB00F4AB07 /* Assets.xcassets */; };
		056675D021C4B0CB00F4AB07 /* LaunchScreen.storyboard in Resources */ = {isa = PBXBuildFile; fileRef = 056675CE21C4B0CB00F4AB07 /* LaunchScreen.storyboard */; };
		056675D821C4B11B00F4AB07 /* TestComponent.swift in Sources */ = {isa = PBXBuildFile; fileRef = 056675D721C4B11B00F4AB07 /* TestComponent.swift */; };
/* End PBXBuildFile section */

/* Begin PBXFileReference section */
		056675C221C4B0C800F4AB07 /* TestBiruComponent.app */ = {isa = PBXFileReference; explicitFileType = wrapper.application; includeInIndex = 0; path = TestBiruComponent.app; sourceTree = BUILT_PRODUCTS_DIR; };
		056675C521C4B0C800F4AB07 /* AppDelegate.swift */ = {isa = PBXFileReference; lastKnownFileType = sourcecode.swift; path = AppDelegate.swift; sourceTree = "<group>"; };
		056675C721C4B0C800F4AB07 /* ViewController.swift */ = {isa = PBXFileReference; lastKnownFileType = sourcecode.swift; path = ViewController.swift; sourceTree = "<group>"; };
		056675CA21C4B0C800F4AB07 /* Base */ = {isa = PBXFileReference; lastKnownFileType = file.storyboard; name = Base; path = Base.lproj/Main.storyboard; sourceTree = "<group>"; };
		056675CC21C4B0CB00F4AB07 /* Assets.xcassets */ = {isa = PBXFileReference; lastKnownFileType = folder.assetcatalog; path = Assets.xcassets; sourceTree = "<group>"; };
		056675CF21C4B0CB00F4AB07 /* Base */ = {isa = PBXFileReference; lastKnownFileType = file.storyboard; name = Base; path = Base.lproj/LaunchScreen.storyboard; sourceTree = "<group>"; };
		056675D121C4B0CB00F4AB07 /* Info.plist */ = {isa = PBXFileReference; lastKnownFileType = text.plist.xml; path = Info.plist; sourceTree = "<group>"; };
		056675D721C4B11B00F4AB07 /* TestComponent.swift */ = {isa = PBXFileReference; lastKnownFileType = sourcecode.swift; path = TestComponent.swift; sourceTree = "<group>"; };
/* End PBXFileReference section */

/* Begin PBXFrameworksBuildPhase section */
		056675BF21C4B0C800F4AB07 /* Frameworks */ = {
			isa = PBXFrameworksBuildPhase;
			buildActionMask = 2147483647;
			files = (
			);
			runOnlyForDeploymentPostprocessing = 0;
		};
/* End PBXFrameworksBuildPhase section */

/* Begin PBXGroup section */
		056675B921C4B0C800F4AB07 = {
			isa = PBXGroup;
			children = (
				056675C421C4B0C800F4AB07 /* TestBiruComponent */,
				056675C321C4B0C800F4AB07 /* Products */,
			);
			sourceTree = "<group>";
		};
		056675C321C4B0C800F4AB07 /* Products */ = {
			isa = PBXGroup;
			children = (
				056675C221C4B0C800F4AB07 /* TestBiruComponent.app */,
			);
			name = Products;
			sourceTree = "<group>";
		};
		056675C421C4B0C800F4AB07 /* TestBiruComponent */ = {
			isa = PBXGroup;
			children = (
				056675D721C4B11B00F4AB07 /* TestComponent.swift */,
				056675C521C4B0C800F4AB07 /* AppDelegate.swift */,
				056675C721C4B0C800F4AB07 /* ViewController.swift */,
				056675C921C4B0C800F4AB07 /* Main.storyboard */,
				056675CC21C4B0CB00F4AB07 /* Assets.xcassets */,
				056675CE21C4B0CB00F4AB07 /* LaunchScreen.storyboard */,
				056675D121C4B0CB00F4AB07 /* Info.plist */,
			);
			path = TestBiruComponent;
			sourceTree = "<group>";
		};
/* End PBXGroup section */

/* Begin PBXNativeTarget section */
		056675C121C4B0C800F4AB07 /* TestBiruComponent */ = {
			isa = PBXNativeTarget;
			buildConfigurationList = 056675D421C4B0CB00F4AB07 /* Build configuration list for PBXNativeTarget "TestBiruComponent" */;
			buildPhases = (
				056675BE21C4B0C800F4AB07 /* Sources */,
				056675BF21C4B0C800F4AB07 /* Frameworks */,
				056675C021C4B0C800F4AB07 /* Resources */,
			);
			buildRules = (
			);
			dependencies = (
			);
			name = TestBiruComponent;
			productName = TestBiruComponent;
			productReference = 056675C221C4B0C800F4AB07 /* TestBiruComponent.app */;
			productType = "com.apple.product-type.application";
		};
/* End PBXNativeTarget section */

/* Begin PBXProject section */
		056675BA21C4B0C800F4AB07 /* Project object */ = {
			isa = PBXProject;
			attributes = {
				LastSwiftUpdateCheck = 1010;
				LastUpgradeCheck = 1010;
				ORGANIZATIONNAME = "Poldet Assanangkornchai";
				TargetAttributes = {
					056675C121C4B0C800F4AB07 = {
						CreatedOnToolsVersion = 10.1;
					};
				};
			};
			buildConfigurationList = 056675BD21C4B0C800F4AB07 /* Build configuration list for PBXProject "TestBiruComponent" */;
			compatibilityVersion = "Xcode 9.3";
			developmentRegion = en;
			hasScannedForEncodings = 0;
			knownRegions = (
				en,
				Base,
			);
			mainGroup = 056675B921C4B0C800F4AB07;
			productRefGroup = 056675C321C4B0C800F4AB07 /* Products */;
			projectDirPath = "";
			projectRoot = "";
			targets = (
				056675C121C4B0C800F4AB07 /* TestBiruComponent */,
			);
		};
/* End PBXProject section */

/* Begin PBXResourcesBuildPhase section */
		056675C021C4B0C800F4AB07 /* Resources */ = {
			isa = PBXResourcesBuildPhase;
			buildActionMask = 2147483647;
			files = (
				056675D021C4B0CB00F4AB07 /* LaunchScreen.storyboard in Resources */,
				056675CD21C4B0CB00F4AB07 /* Assets.xcassets in Resources */,
				056675CB21C4B0C800F4AB07 /* Main.storyboard in Resources */,
			);
			runOnlyForDeploymentPostprocessing = 0;
		};
/* End PBXResourcesBuildPhase section */

/* Begin PBXSourcesBuildPhase section */
		056675BE21C4B0C800F4AB07 /* Sources */ = {
			isa = PBXSourcesBuildPhase;
			buildActionMask = 2147483647;
			files = (
				056675D821C4B11B00F4AB07 /* TestComponent.swift in Sources */,
				056675C821C4B0C800F4AB07 /* ViewController.swift in Sources */,
				056675C621C4B0C800F4AB07 /* AppDelegate.swift in Sources */,
			);
			runOnlyForDeploymentPostprocessing = 0;
		};
/* End PBXSourcesBuildPhase section */

/* Begin PBXVariantGroup section */
		056675C921C4B0C800F4AB07 /* Main.storyboard */ = {
			isa = PBXVariantGroup;
			children = (
				056675CA21C4B0C800F4AB07 /* Base */,
			);
			name = Main.storyboard;
			sourceTree = "<group>";
		};
		056675CE21C4B0CB00F4AB07 /* LaunchScreen.storyboard */ = {
			isa = PBXVariantGroup;
			children = (
				056675CF21C4B0CB00F4AB07 /* Base */,
			);
			name = LaunchScreen.storyboard;
			sourceTree = "<group>";
		};
/* End PBXVariantGroup section */

/* Begin XCBuildConfiguration section */
		056675D221C4B0CB00F4AB07 /* Debug */ = {
			isa = XCBuildConfiguration;
			buildSettings = {
				ALWAYS_SEARCH_USER_PATHS = NO;
				CLANG_ANALYZER_NONNULL = YES;
				CLANG_ANALYZER_NUMBER_OBJECT_CONVERSION = YES_AGGRESSIVE;
				CLANG_CXX_LANGUAGE_STANDARD = "gnu++14";
				CLANG_CXX_LIBRARY = "libc++";
				CLANG_ENABLE_MODULES = YES;
				CLANG_ENABLE_OBJC_ARC = YES;
				CLANG_ENABLE_OBJC_WEAK = YES;
				CLANG_WARN_BLOCK_CAPTURE_AUTORELEASING = YES;
				CLANG_WARN_BOOL_CONVERSION = YES;
				CLANG_WARN_COMMA = YES;
				CLANG_WARN_CONSTANT_CONVERSION = YES;
				CLANG_WARN_DEPRECATED_OBJC_IMPLEMENTATIONS = YES;
				CLANG_WARN_DIRECT_OBJC_ISA_USAGE = YES_ERROR;
				CLANG_WARN_DOCUMENTATION_COMMENTS = YES;
				CLANG_WARN_EMPTY_BODY = YES;
				CLANG_WARN_ENUM_CONVERSION = YES;
				CLANG_WARN_INFINITE_RECURSION = YES;
				CLANG_WARN_INT_CONVERSION = YES;
				CLANG_WARN_NON_LITERAL_NULL_CONVERSION = YES;
				CLANG_WARN_OBJC_IMPLICIT_RETAIN_SELF = YES;
				CLANG_WARN_OBJC_LITERAL_CONVERSION = YES;
				CLANG_WARN_OBJC_ROOT_CLASS = YES_ERROR;
				CLANG_WARN_RANGE_LOOP_ANALYSIS = YES;
				CLANG_WARN_STRICT_PROTOTYPES = YES;
				CLANG_WARN_SUSPICIOUS_MOVE = YES;
				CLANG_WARN_UNGUARDED_AVAILABILITY = YES_AGGRESSIVE;
				CLANG_WARN_UNREACHABLE_CODE = YES;
				CLANG_WARN__DUPLICATE_METHOD_MATCH = YES;
				CODE_SIGN_IDENTITY = "iPhone Developer";
				COPY_PHASE_STRIP = NO;
				DEBUG_INFORMATION_FORMAT = dwarf;
				ENABLE_STRICT_OBJC_MSGSEND = YES;
				ENABLE_TESTABILITY = YES;
				GCC_C_LANGUAGE_STANDARD = gnu11;
				GCC_DYNAMIC_NO_PIC = NO;
				GCC_NO_COMMON_BLOCKS = YES;
				GCC_OPTIMIZATION_LEVEL = 0;
				GCC_PREPROCESSOR_DEFINITIONS = (
					"DEBUG=1",
					"$(inherited)",
				);
				GCC_WARN_64_TO_32_BIT_CONVERSION = YES;
				GCC_WARN_ABOUT_RETURN_TYPE = YES_ERROR;
				GCC_WARN_UNDECLARED_SELECTOR = YES;
				GCC_WARN_UNINITIALIZED_AUTOS = YES_AGGRESSIVE;
				GCC_WARN_UNUSED_FUNCTION = YES;
				GCC_WARN_UNUSED_VARIABLE = YES;
				IPHONEOS_DEPLOYMENT_TARGET = 12.1;
				MTL_ENABLE_DEBUG_INFO = INCLUDE_SOURCE;
				MTL_FAST_MATH = YES;
				ONLY_ACTIVE_ARCH = YES;
				SDKROOT = iphoneos;
				SWIFT_ACTIVE_COMPILATION_CONDITIONS = DEBUG;
				SWIFT_OPTIMIZATION_LEVEL = "-Onone";
			};
			name = Debug;
		};
		056675D321C4B0CB00F4AB07 /* Release */ = {
			isa = XCBuildConfiguration;
			buildSettings = {
				ALWAYS_SEARCH_USER_PATHS = NO;
				CLANG_ANALYZER_NONNULL = YES;
				CLANG_ANALYZER_NUMBER_OBJECT_CONVERSION = YES_AGGRESSIVE;
				CLANG_CXX_LANGUAGE_STANDARD = "gnu++14";
				CLANG_CXX_LIBRARY = "libc++";
				CLANG_ENABLE_MODULES = YES;
				CLANG_ENABLE_OBJC_ARC = YES;
				CLANG_ENABLE_OBJC_WEAK = YES;
				CLANG_WARN_BLOCK_CAPTURE_AUTORELEASING = YES;
				CLANG_WARN_BOOL_CONVERSION = YES;
				CLANG_WARN_COMMA = YES;
				CLANG_WARN_CONSTANT_CONVERSION = YES;
				CLANG_WARN_DEPRECATED_OBJC_IMPLEMENTATIONS = YES;
				CLANG_WARN_DIRECT_OBJC_ISA_USAGE = YES_ERROR;
				CLANG_WARN_DOCUMENTATION_COMMENTS = YES;
				CLANG_WARN_EMPTY_BODY = YES;
				CLANG_WARN_ENUM_CONVERSION = YES;
				CLANG_WARN_INFINITE_RECURSION = YES;
				CLANG_WARN_INT_CONVERSION = YES;
				CLANG_WARN_NON_LITERAL_NULL_CONVERSION = YES;
				CLANG_WARN_OBJC_IMPLICIT_RETAIN_SELF = YES;
				CLANG_WARN_OBJC_LITERAL_CONVERSION = YES;
				CLANG_WARN_OBJC_ROOT_CLASS = YES_ERROR;
				CLANG_WARN_RANGE_LOOP_ANALYSIS = YES;
				CLANG_WARN_STRICT_PROTOTYPES = YES;
				CLANG_WARN_SUSPICIOUS_MOVE = YES;
				CLANG_WARN_UNGUARDED_AVAILABILITY = YES_AGGRESSIVE;
				CLANG_WARN_UNREACHABLE_CODE = YES;
				CLANG_WARN__DUPLICATE_METHOD_MATCH = YES;
				CODE_SIGN_IDENTITY = "iPhone Developer";
				COPY_PHASE_STRIP = NO;
				DEBUG_INFORMATION_FORMAT = "dwarf-with-dsym";
				ENABLE_NS_ASSERTIONS = NO;
				ENABLE_STRICT_OBJC_MSGSEND = YES;
				GCC_C_LANGUAGE_STANDARD = gnu11;
				GCC_NO_COMMON_BLOCKS = YES;
				GCC_WARN_64_TO_32_BIT_CONVERSION = YES;
				GCC_WARN_ABOUT_RETURN_TYPE = YES_ERROR;
				GCC_WARN_UNDECLARED_SELECTOR = YES;
				GCC_WARN_UNINITIALIZED_AUTOS = YES_AGGRESSIVE;
				GCC_WARN_UNUSED_FUNCTION = YES;
				GCC_WARN_UNUSED_VARIABLE = YES;
				IPHONEOS_DEPLOYMENT_TARGET = 12.1;
				MTL_ENABLE_DEBUG_INFO = NO;
				MTL_FAST_MATH = YES;
				SDKROOT = iphoneos;
				SWIFT_COMPILATION_MODE = wholemodule;
				SWIFT_OPTIMIZATION_LEVEL = "-O";
				VALIDATE_PRODUCT = YES;
			};
			name = Release;
		};
		056675D521C4B0CB00F4AB07 /* Debug */ = {
			isa = XCBuildConfiguration;
			buildSettings = {
				ASSETCATALOG_COMPILER_APPICON_NAME = AppIcon;
				CODE_SIGN_STYLE = Automatic;
				DEVELOPMENT_TEAM = AJF7ZDHAAX;
				INFOPLIST_FILE = TestBiruComponent/Info.plist;
				LD_RUNPATH_SEARCH_PATHS = (
					"$(inherited)",
					"@executable_path/Frameworks",
				);
				PRODUCT_BUNDLE_IDENTIFIER = assanee.TestBiruComponent;
				PRODUCT_NAME = "$(TARGET_NAME)";
				SWIFT_VERSION = 4.2;
				TARGETED_DEVICE_FAMILY = "1,2";
			};
			name = Debug;
		};
		056675D621C4B0CB00F4AB07 /* Release */ = {
			isa = XCBuildConfiguration;
			buildSettings = {
				ASSETCATALOG_COMPILER_APPICON_NAME = AppIcon;
				CODE_SIGN_STYLE = Automatic;
				DEVELOPMENT_TEAM = AJF7ZDHAAX;
				INFOPLIST_FILE = TestBiruComponent/Info.plist;
				LD_RUNPATH_SEARCH_PATHS = (
					"$(inherited)",
					"@executable_path/Frameworks",
				);
				PRODUCT_BUNDLE_IDENTIFIER = assanee.TestBiruComponent;
				PRODUCT_NAME = "$(TARGET_NAME)";
				SWIFT_VERSION = 4.2;
				TARGETED_DEVICE_FAMILY = "1,2";
			};
			name = Release;
		};
/* End XCBuildConfiguration section */

/* Begin XCConfigurationList section */
		056675BD21C4B0C800F4AB07 /* Build configuration list for PBXProject "TestBiruComponent" */ = {
			isa = XCConfigurationList;
			buildConfigurations = (
				056675D221C4B0CB00F4AB07 /* Debug */,
				056675D321C4B0CB00F4AB07 /* Release */,
			);
			defaultConfigurationIsVisible = 0;
			defaultConfigurationName = Release;
		};
		056675D421C4B0CB00F4AB07 /* Build configuration list for PBXNativeTarget "TestBiruComponent" */ = {
			isa = XCConfigurationList;
			buildConfigurations = (
				056675D521C4B0CB00F4AB07 /* Debug */,
				056675D621C4B0CB00F4AB07 /* Release */,
			);
			defaultConfigurationIsVisible = 0;
			defaultConfigurationName = Release;
		};
/* End XCConfigurationList section */
	};
	rootObject = 056675BA21C4B0C800F4AB07 /* Project object */;
}
